// !$*UTF8*$!
{
	archiveVersion = 1;
	classes = {
	};
	objectVersion = 77;
	objects = {

/* Begin PBXContainerItemProxy section */
		1FA37F632D350A1C001A94D6 /* PBXContainerItemProxy */ = {
			isa = PBXContainerItemProxy;
			containerPortal = 1FA37F482D350A1B001A94D6 /* Project object */;
			proxyType = 1;
			remoteGlobalIDString = 1FA37F4F2D350A1B001A94D6;
			remoteInfo = "nepal info";
		};
		1FA37F6D2D350A1C001A94D6 /* PBXContainerItemProxy */ = {
			isa = PBXContainerItemProxy;
			containerPortal = 1FA37F482D350A1B001A94D6 /* Project object */;
			proxyType = 1;
			remoteGlobalIDString = 1FA37F4F2D350A1B001A94D6;
			remoteInfo = "nepal info";
		};
/* End PBXContainerItemProxy section */

/* Begin PBXFileReference section */
		1FA37F502D350A1B001A94D6 /* nepal info.app */ = {isa = PBXFileReference; explicitFileType = wrapper.application; includeInIndex = 0; path = "nepal info.app"; sourceTree = BUILT_PRODUCTS_DIR; };
		1FA37F622D350A1C001A94D6 /* nepal infoTests.xctest */ = {isa = PBXFileReference; explicitFileType = wrapper.cfbundle; includeInIndex = 0; path = "nepal infoTests.xctest"; sourceTree = BUILT_PRODUCTS_DIR; };
		1FA37F6C2D350A1C001A94D6 /* nepal infoUITests.xctest */ = {isa = PBXFileReference; explicitFileType = wrapper.cfbundle; includeInIndex = 0; path = "nepal infoUITests.xctest"; sourceTree = BUILT_PRODUCTS_DIR; };
/* End PBXFileReference section */

/* Begin PBXFileSystemSynchronizedRootGroup section */
		1FA37F522D350A1B001A94D6 /* nepal info */ = {
			isa = PBXFileSystemSynchronizedRootGroup;
			path = "nepal info";
			sourceTree = "<group>";
		};
		1FA37F652D350A1C001A94D6 /* nepal infoTests */ = {
			isa = PBXFileSystemSynchronizedRootGroup;
			path = "nepal infoTests";
			sourceTree = "<group>";
		};
		1FA37F6F2D350A1C001A94D6 /* nepal infoUITests */ = {
			isa = PBXFileSystemSynchronizedRootGroup;
			path = "nepal infoUITests";
			sourceTree = "<group>";
		};
/* End PBXFileSystemSynchronizedRootGroup section */

/* Begin PBXFrameworksBuildPhase section */
		1FA37F4D2D350A1B001A94D6 /* Frameworks */ = {
			isa = PBXFrameworksBuildPhase;
			buildActionMask = 2147483647;
			files = (
			);
			runOnlyForDeploymentPostprocessing = 0;
		};
		1FA37F5F2D350A1C001A94D6 /* Frameworks */ = {
			isa = PBXFrameworksBuildPhase;
			buildActionMask = 2147483647;
			files = (
			);
			runOnlyForDeploymentPostprocessing = 0;
		};
		1FA37F692D350A1C001A94D6 /* Frameworks */ = {
			isa = PBXFrameworksBuildPhase;
			buildActionMask = 2147483647;
			files = (
			);
			runOnlyForDeploymentPostprocessing = 0;
		};
/* End PBXFrameworksBuildPhase section */

/* Begin PBXGroup section */
		1FA37F472D350A1B001A94D6 = {
			isa = PBXGroup;
			children = (
				1FA37F522D350A1B001A94D6 /* nepal info */,
				1FA37F652D350A1C001A94D6 /* nepal infoTests */,
				1FA37F6F2D350A1C001A94D6 /* nepal infoUITests */,
				1FA37F512D350A1B001A94D6 /* Products */,
			);
			sourceTree = "<group>";
		};
		1FA37F512D350A1B001A94D6 /* Products */ = {
			isa = PBXGroup;
			children = (
				1FA37F502D350A1B001A94D6 /* nepal info.app */,
				1FA37F622D350A1C001A94D6 /* nepal infoTests.xctest */,
				1FA37F6C2D350A1C001A94D6 /* nepal infoUITests.xctest */,
			);
			name = Products;
			sourceTree = "<group>";
		};
/* End PBXGroup section */

/* Begin PBXNativeTarget section */
		1FA37F4F2D350A1B001A94D6 /* nepal info */ = {
			isa = PBXNativeTarget;
			buildConfigurationList = 1FA37F762D350A1C001A94D6 /* Build configuration list for PBXNativeTarget "nepal info" */;
			buildPhases = (
				1FA37F4C2D350A1B001A94D6 /* Sources */,
				1FA37F4D2D350A1B001A94D6 /* Frameworks */,
				1FA37F4E2D350A1B001A94D6 /* Resources */,
			);
			buildRules = (
			);
			dependencies = (
			);
			fileSystemSynchronizedGroups = (
				1FA37F522D350A1B001A94D6 /* nepal info */,
			);
			name = "nepal info";
			packageProductDependencies = (
			);
			productName = "nepal info";
			productReference = 1FA37F502D350A1B001A94D6 /* nepal info.app */;
			productType = "com.apple.product-type.application";
		};
		1FA37F612D350A1C001A94D6 /* nepal infoTests */ = {
			isa = PBXNativeTarget;
			buildConfigurationList = 1FA37F792D350A1C001A94D6 /* Build configuration list for PBXNativeTarget "nepal infoTests" */;
			buildPhases = (
				1FA37F5E2D350A1C001A94D6 /* Sources */,
				1FA37F5F2D350A1C001A94D6 /* Frameworks */,
				1FA37F602D350A1C001A94D6 /* Resources */,
			);
			buildRules = (
			);
			dependencies = (
				1FA37F642D350A1C001A94D6 /* PBXTargetDependency */,
			);
			fileSystemSynchronizedGroups = (
				1FA37F652D350A1C001A94D6 /* nepal infoTests */,
			);
			name = "nepal infoTests";
			packageProductDependencies = (
			);
			productName = "nepal infoTests";
			productReference = 1FA37F622D350A1C001A94D6 /* nepal infoTests.xctest */;
			productType = "com.apple.product-type.bundle.unit-test";
		};
		1FA37F6B2D350A1C001A94D6 /* nepal infoUITests */ = {
			isa = PBXNativeTarget;
			buildConfigurationList = 1FA37F7C2D350A1C001A94D6 /* Build configuration list for PBXNativeTarget "nepal infoUITests" */;
			buildPhases = (
				1FA37F682D350A1C001A94D6 /* Sources */,
				1FA37F692D350A1C001A94D6 /* Frameworks */,
				1FA37F6A2D350A1C001A94D6 /* Resources */,
			);
			buildRules = (
			);
			dependencies = (
				1FA37F6E2D350A1C001A94D6 /* PBXTargetDependency */,
			);
			fileSystemSynchronizedGroups = (
				1FA37F6F2D350A1C001A94D6 /* nepal infoUITests */,
			);
			name = "nepal infoUITests";
			packageProductDependencies = (
			);
			productName = "nepal infoUITests";
			productReference = 1FA37F6C2D350A1C001A94D6 /* nepal infoUITests.xctest */;
			productType = "com.apple.product-type.bundle.ui-testing";
		};
/* End PBXNativeTarget section */

/* Begin PBXProject section */
		1FA37F482D350A1B001A94D6 /* Project object */ = {
			isa = PBXProject;
			attributes = {
				BuildIndependentTargetsInParallel = 1;
				LastSwiftUpdateCheck = 1610;
				LastUpgradeCheck = 1610;
				TargetAttributes = {
					1FA37F4F2D350A1B001A94D6 = {
						CreatedOnToolsVersion = 16.1;
					};
					1FA37F612D350A1C001A94D6 = {
						CreatedOnToolsVersion = 16.1;
						TestTargetID = 1FA37F4F2D350A1B001A94D6;
					};
					1FA37F6B2D350A1C001A94D6 = {
						CreatedOnToolsVersion = 16.1;
						TestTargetID = 1FA37F4F2D350A1B001A94D6;
					};
				};
			};
			buildConfigurationList = 1FA37F4B2D350A1B001A94D6 /* Build configuration list for PBXProject "nepal info" */;
			developmentRegion = en;
			hasScannedForEncodings = 0;
			knownRegions = (
				en,
				Base,
			);
			mainGroup = 1FA37F472D350A1B001A94D6;
			minimizedProjectReferenceProxies = 1;
			preferredProjectObjectVersion = 77;
			productRefGroup = 1FA37F512D350A1B001A94D6 /* Products */;
			projectDirPath = "";
			projectRoot = "";
			targets = (
				1FA37F4F2D350A1B001A94D6 /* nepal info */,
				1FA37F612D350A1C001A94D6 /* nepal infoTests */,
				1FA37F6B2D350A1C001A94D6 /* nepal infoUITests */,
			);
		};
/* End PBXProject section */

/* Begin PBXResourcesBuildPhase section */
		1FA37F4E2D350A1B001A94D6 /* Resources */ = {
			isa = PBXResourcesBuildPhase;
			buildActionMask = 2147483647;
			files = (
			);
			runOnlyForDeploymentPostprocessing = 0;
		};
		1FA37F602D350A1C001A94D6 /* Resources */ = {
			isa = PBXResourcesBuildPhase;
			buildActionMask = 2147483647;
			files = (
			);
			runOnlyForDeploymentPostprocessing = 0;
		};
		1FA37F6A2D350A1C001A94D6 /* Resources */ = {
			isa = PBXResourcesBuildPhase;
			buildActionMask = 2147483647;
			files = (
			);
			runOnlyForDeploymentPostprocessing = 0;
		};
/* End PBXResourcesBuildPhase section */

/* Begin PBXSourcesBuildPhase section */
		1FA37F4C2D350A1B001A94D6 /* Sources */ = {
			isa = PBXSourcesBuildPhase;
			buildActionMask = 2147483647;
			files = (
			);
			runOnlyForDeploymentPostprocessing = 0;
		};
		1FA37F5E2D350A1C001A94D6 /* Sources */ = {
			isa = PBXSourcesBuildPhase;
			buildActionMask = 2147483647;
			files = (
			);
			runOnlyForDeploymentPostprocessing = 0;
		};
		1FA37F682D350A1C001A94D6 /* Sources */ = {
			isa = PBXSourcesBuildPhase;
			buildActionMask = 2147483647;
			files = (
			);
			runOnlyForDeploymentPostprocessing = 0;
		};
/* End PBXSourcesBuildPhase section */

/* Begin PBXTargetDependency section */
		1FA37F642D350A1C001A94D6 /* PBXTargetDependency */ = {
			isa = PBXTargetDependency;
			target = 1FA37F4F2D350A1B001A94D6 /* nepal info */;
			targetProxy = 1FA37F632D350A1C001A94D6 /* PBXContainerItemProxy */;
		};
		1FA37F6E2D350A1C001A94D6 /* PBXTargetDependency */ = {
			isa = PBXTargetDependency;
			target = 1FA37F4F2D350A1B001A94D6 /* nepal info */;
			targetProxy = 1FA37F6D2D350A1C001A94D6 /* PBXContainerItemProxy */;
		};
/* End PBXTargetDependency section */

/* Begin XCBuildConfiguration section */
		1FA37F742D350A1C001A94D6 /* Debug */ = {
			isa = XCBuildConfiguration;
			buildSettings = {
				ALWAYS_SEARCH_USER_PATHS = NO;
				ASSETCATALOG_COMPILER_GENERATE_SWIFT_ASSET_SYMBOL_EXTENSIONS = YES;
				CLANG_ANALYZER_NONNULL = YES;
				CLANG_ANALYZER_NUMBER_OBJECT_CONVERSION = YES_AGGRESSIVE;
				CLANG_CXX_LANGUAGE_STANDARD = "gnu++20";
				CLANG_ENABLE_MODULES = YES;
				CLANG_ENABLE_OBJC_ARC = YES;
				CLANG_ENABLE_OBJC_WEAK = YES;
				CLANG_WARN_BLOCK_CAPTURE_AUTORELEASING = YES;
				CLANG_WARN_BOOL_CONVERSION = YES;
				CLANG_WARN_COMMA = YES;
				CLANG_WARN_CONSTANT_CONVERSION = YES;
				CLANG_WARN_DEPRECATED_OBJC_IMPLEMENTATIONS = YES;
				CLANG_WARN_DIRECT_OBJC_ISA_USAGE = YES_ERROR;
				CLANG_WARN_DOCUMENTATION_COMMENTS = YES;
				CLANG_WARN_EMPTY_BODY = YES;
				CLANG_WARN_ENUM_CONVERSION = YES;
				CLANG_WARN_INFINITE_RECURSION = YES;
				CLANG_WARN_INT_CONVERSION = YES;
				CLANG_WARN_NON_LITERAL_NULL_CONVERSION = YES;
				CLANG_WARN_OBJC_IMPLICIT_RETAIN_SELF = YES;
				CLANG_WARN_OBJC_LITERAL_CONVERSION = YES;
				CLANG_WARN_OBJC_ROOT_CLASS = YES_ERROR;
				CLANG_WARN_QUOTED_INCLUDE_IN_FRAMEWORK_HEADER = YES;
				CLANG_WARN_RANGE_LOOP_ANALYSIS = YES;
				CLANG_WARN_STRICT_PROTOTYPES = YES;
				CLANG_WARN_SUSPICIOUS_MOVE = YES;
				CLANG_WARN_UNGUARDED_AVAILABILITY = YES_AGGRESSIVE;
				CLANG_WARN_UNREACHABLE_CODE = YES;
				CLANG_WARN__DUPLICATE_METHOD_MATCH = YES;
				COPY_PHASE_STRIP = NO;
				DEBUG_INFORMATION_FORMAT = dwarf;
				ENABLE_STRICT_OBJC_MSGSEND = YES;
				ENABLE_TESTABILITY = YES;
				ENABLE_USER_SCRIPT_SANDBOXING = YES;
				GCC_C_LANGUAGE_STANDARD = gnu17;
				GCC_DYNAMIC_NO_PIC = NO;
				GCC_NO_COMMON_BLOCKS = YES;
				GCC_OPTIMIZATION_LEVEL = 0;
				GCC_PREPROCESSOR_DEFINITIONS = (
					"DEBUG=1",
					"$(inherited)",
				);
				GCC_WARN_64_TO_32_BIT_CONVERSION = YES;
				GCC_WARN_ABOUT_RETURN_TYPE = YES_ERROR;
				GCC_WARN_UNDECLARED_SELECTOR = YES;
				GCC_WARN_UNINITIALIZED_AUTOS = YES_AGGRESSIVE;
				GCC_WARN_UNUSED_FUNCTION = YES;
				GCC_WARN_UNUSED_VARIABLE = YES;
				IPHONEOS_DEPLOYMENT_TARGET = 18.1;
				LOCALIZATION_PREFERS_STRING_CATALOGS = YES;
				MTL_ENABLE_DEBUG_INFO = INCLUDE_SOURCE;
				MTL_FAST_MATH = YES;
				ONLY_ACTIVE_ARCH = YES;
				SDKROOT = iphoneos;
				SWIFT_ACTIVE_COMPILATION_CONDITIONS = "DEBUG $(inherited)";
				SWIFT_OPTIMIZATION_LEVEL = "-Onone";
			};
			name = Debug;
		};
		1FA37F752D350A1C001A94D6 /* Release */ = {
			isa = XCBuildConfiguration;
			buildSettings = {
				ALWAYS_SEARCH_USER_PATHS = NO;
				ASSETCATALOG_COMPILER_GENERATE_SWIFT_ASSET_SYMBOL_EXTENSIONS = YES;
				CLANG_ANALYZER_NONNULL = YES;
				CLANG_ANALYZER_NUMBER_OBJECT_CONVERSION = YES_AGGRESSIVE;
				CLANG_CXX_LANGUAGE_STANDARD = "gnu++20";
				CLANG_ENABLE_MODULES = YES;
				CLANG_ENABLE_OBJC_ARC = YES;
				CLANG_ENABLE_OBJC_WEAK = YES;
				CLANG_WARN_BLOCK_CAPTURE_AUTORELEASING = YES;
				CLANG_WARN_BOOL_CONVERSION = YES;
				CLANG_WARN_COMMA = YES;
				CLANG_WARN_CONSTANT_CONVERSION = YES;
				CLANG_WARN_DEPRECATED_OBJC_IMPLEMENTATIONS = YES;
				CLANG_WARN_DIRECT_OBJC_ISA_USAGE = YES_ERROR;
				CLANG_WARN_DOCUMENTATION_COMMENTS = YES;
				CLANG_WARN_EMPTY_BODY = YES;
				CLANG_WARN_ENUM_CONVERSION = YES;
				CLANG_WARN_INFINITE_RECURSION = YES;
				CLANG_WARN_INT_CONVERSION = YES;
				CLANG_WARN_NON_LITERAL_NULL_CONVERSION = YES;
				CLANG_WARN_OBJC_IMPLICIT_RETAIN_SELF = YES;
				CLANG_WARN_OBJC_LITERAL_CONVERSION = YES;
				CLANG_WARN_OBJC_ROOT_CLASS = YES_ERROR;
				CLANG_WARN_QUOTED_INCLUDE_IN_FRAMEWORK_HEADER = YES;
				CLANG_WARN_RANGE_LOOP_ANALYSIS = YES;
				CLANG_WARN_STRICT_PROTOTYPES = YES;
				CLANG_WARN_SUSPICIOUS_MOVE = YES;
				CLANG_WARN_UNGUARDED_AVAILABILITY = YES_AGGRESSIVE;
				CLANG_WARN_UNREACHABLE_CODE = YES;
				CLANG_WARN__DUPLICATE_METHOD_MATCH = YES;
				COPY_PHASE_STRIP = NO;
				DEBUG_INFORMATION_FORMAT = "dwarf-with-dsym";
				ENABLE_NS_ASSERTIONS = NO;
				ENABLE_STRICT_OBJC_MSGSEND = YES;
				ENABLE_USER_SCRIPT_SANDBOXING = YES;
				GCC_C_LANGUAGE_STANDARD = gnu17;
				GCC_NO_COMMON_BLOCKS = YES;
				GCC_WARN_64_TO_32_BIT_CONVERSION = YES;
				GCC_WARN_ABOUT_RETURN_TYPE = YES_ERROR;
				GCC_WARN_UNDECLARED_SELECTOR = YES;
				GCC_WARN_UNINITIALIZED_AUTOS = YES_AGGRESSIVE;
				GCC_WARN_UNUSED_FUNCTION = YES;
				GCC_WARN_UNUSED_VARIABLE = YES;
				IPHONEOS_DEPLOYMENT_TARGET = 18.1;
				LOCALIZATION_PREFERS_STRING_CATALOGS = YES;
				MTL_ENABLE_DEBUG_INFO = NO;
				MTL_FAST_MATH = YES;
				SDKROOT = iphoneos;
				SWIFT_COMPILATION_MODE = wholemodule;
				VALIDATE_PRODUCT = YES;
			};
			name = Release;
		};
		1FA37F772D350A1C001A94D6 /* Debug */ = {
			isa = XCBuildConfiguration;
			buildSettings = {
				ASSETCATALOG_COMPILER_APPICON_NAME = AppIcon;
				ASSETCATALOG_COMPILER_GLOBAL_ACCENT_COLOR_NAME = AccentColor;
				CODE_SIGN_STYLE = Automatic;
				CURRENT_PROJECT_VERSION = 1;
				DEVELOPMENT_ASSET_PATHS = "\"nepal info/Preview Content\"";
				DEVELOPMENT_TEAM = MGQDBQ72C6;
				ENABLE_PREVIEWS = YES;
				GENERATE_INFOPLIST_FILE = YES;
				INFOPLIST_KEY_UIApplicationSceneManifest_Generation = YES;
				INFOPLIST_KEY_UIApplicationSupportsIndirectInputEvents = YES;
				INFOPLIST_KEY_UILaunchScreen_Generation = YES;
				INFOPLIST_KEY_UISupportedInterfaceOrientations_iPad = "UIInterfaceOrientationPortrait UIInterfaceOrientationPortraitUpsideDown UIInterfaceOrientationLandscapeLeft UIInterfaceOrientationLandscapeRight";
				INFOPLIST_KEY_UISupportedInterfaceOrientations_iPhone = "UIInterfaceOrientationPortrait UIInterfaceOrientationLandscapeLeft UIInterfaceOrientationLandscapeRight";
				LD_RUNPATH_SEARCH_PATHS = (
					"$(inherited)",
					"@executable_path/Frameworks",
				);
				MARKETING_VERSION = 1.0;
				PRODUCT_BUNDLE_IDENTIFIER = "dk.nepal-info";
				PRODUCT_NAME = "$(TARGET_NAME)";
				SWIFT_EMIT_LOC_STRINGS = YES;
				SWIFT_VERSION = 5.0;
				TARGETED_DEVICE_FAMILY = "1,2";
			};
			name = Debug;
		};
		1FA37F782D350A1C001A94D6 /* Release */ = {
			isa = XCBuildConfiguration;
			buildSettings = {
				ASSETCATALOG_COMPILER_APPICON_NAME = AppIcon;
				ASSETCATALOG_COMPILER_GLOBAL_ACCENT_COLOR_NAME = AccentColor;
				CODE_SIGN_STYLE = Automatic;
				CURRENT_PROJECT_VERSION = 1;
				DEVELOPMENT_ASSET_PATHS = "\"nepal info/Preview Content\"";
				DEVELOPMENT_TEAM = MGQDBQ72C6;
				ENABLE_PREVIEWS = YES;
				GENERATE_INFOPLIST_FILE = YES;
				INFOPLIST_KEY_UIApplicationSceneManifest_Generation = YES;
				INFOPLIST_KEY_UIApplicationSupportsIndirectInputEvents = YES;
				INFOPLIST_KEY_UILaunchScreen_Generation = YES;
				INFOPLIST_KEY_UISupportedInterfaceOrientations_iPad = "UIInterfaceOrientationPortrait UIInterfaceOrientationPortraitUpsideDown UIInterfaceOrientationLandscapeLeft UIInterfaceOrientationLandscapeRight";
				INFOPLIST_KEY_UISupportedInterfaceOrientations_iPhone = "UIInterfaceOrientationPortrait UIInterfaceOrientationLandscapeLeft UIInterfaceOrientationLandscapeRight";
				LD_RUNPATH_SEARCH_PATHS = (
					"$(inherited)",
					"@executable_path/Frameworks",
				);
				MARKETING_VERSION = 1.0;
				PRODUCT_BUNDLE_IDENTIFIER = "dk.nepal-info";
				PRODUCT_NAME = "$(TARGET_NAME)";
				SWIFT_EMIT_LOC_STRINGS = YES;
				SWIFT_VERSION = 5.0;
				TARGETED_DEVICE_FAMILY = "1,2";
			};
			name = Release;
		};
		1FA37F7A2D350A1C001A94D6 /* Debug */ = {
			isa = XCBuildConfiguration;
			buildSettings = {
				BUNDLE_LOADER = "$(TEST_HOST)";
				CODE_SIGN_STYLE = Automatic;
				CURRENT_PROJECT_VERSION = 1;
				DEVELOPMENT_TEAM = MGQDBQ72C6;
				GENERATE_INFOPLIST_FILE = YES;
				IPHONEOS_DEPLOYMENT_TARGET = 18.1;
				MARKETING_VERSION = 1.0;
				PRODUCT_BUNDLE_IDENTIFIER = "dk.nepal-infoTests";
				PRODUCT_NAME = "$(TARGET_NAME)";
				SWIFT_EMIT_LOC_STRINGS = NO;
				SWIFT_VERSION = 5.0;
				TARGETED_DEVICE_FAMILY = "1,2";
				TEST_HOST = "$(BUILT_PRODUCTS_DIR)/nepal info.app/$(BUNDLE_EXECUTABLE_FOLDER_PATH)/nepal info";
			};
			name = Debug;
		};
		1FA37F7B2D350A1C001A94D6 /* Release */ = {
			isa = XCBuildConfiguration;
			buildSettings = {
				BUNDLE_LOADER = "$(TEST_HOST)";
				CODE_SIGN_STYLE = Automatic;
				CURRENT_PROJECT_VERSION = 1;
				DEVELOPMENT_TEAM = MGQDBQ72C6;
				GENERATE_INFOPLIST_FILE = YES;
				IPHONEOS_DEPLOYMENT_TARGET = 18.1;
				MARKETING_VERSION = 1.0;
				PRODUCT_BUNDLE_IDENTIFIER = "dk.nepal-infoTests";
				PRODUCT_NAME = "$(TARGET_NAME)";
				SWIFT_EMIT_LOC_STRINGS = NO;
				SWIFT_VERSION = 5.0;
				TARGETED_DEVICE_FAMILY = "1,2";
				TEST_HOST = "$(BUILT_PRODUCTS_DIR)/nepal info.app/$(BUNDLE_EXECUTABLE_FOLDER_PATH)/nepal info";
			};
			name = Release;
		};
		1FA37F7D2D350A1C001A94D6 /* Debug */ = {
			isa = XCBuildConfiguration;
			buildSettings = {
				CODE_SIGN_STYLE = Automatic;
				CURRENT_PROJECT_VERSION = 1;
				DEVELOPMENT_TEAM = MGQDBQ72C6;
				GENERATE_INFOPLIST_FILE = YES;
				MARKETING_VERSION = 1.0;
				PRODUCT_BUNDLE_IDENTIFIER = "dk.nepal-infoUITests";
				PRODUCT_NAME = "$(TARGET_NAME)";
				SWIFT_EMIT_LOC_STRINGS = NO;
				SWIFT_VERSION = 5.0;
				TARGETED_DEVICE_FAMILY = "1,2";
				TEST_TARGET_NAME = "nepal info";
			};
			name = Debug;
		};
		1FA37F7E2D350A1C001A94D6 /* Release */ = {
			isa = XCBuildConfiguration;
			buildSettings = {
				CODE_SIGN_STYLE = Automatic;
				CURRENT_PROJECT_VERSION = 1;
				DEVELOPMENT_TEAM = MGQDBQ72C6;
				GENERATE_INFOPLIST_FILE = YES;
				MARKETING_VERSION = 1.0;
				PRODUCT_BUNDLE_IDENTIFIER = "dk.nepal-infoUITests";
				PRODUCT_NAME = "$(TARGET_NAME)";
				SWIFT_EMIT_LOC_STRINGS = NO;
				SWIFT_VERSION = 5.0;
				TARGETED_DEVICE_FAMILY = "1,2";
				TEST_TARGET_NAME = "nepal info";
			};
			name = Release;
		};
/* End XCBuildConfiguration section */

/* Begin XCConfigurationList section */
		1FA37F4B2D350A1B001A94D6 /* Build configuration list for PBXProject "nepal info" */ = {
			isa = XCConfigurationList;
			buildConfigurations = (
				1FA37F742D350A1C001A94D6 /* Debug */,
				1FA37F752D350A1C001A94D6 /* Release */,
			);
			defaultConfigurationIsVisible = 0;
			defaultConfigurationName = Release;
		};
		1FA37F762D350A1C001A94D6 /* Build configuration list for PBXNativeTarget "nepal info" */ = {
			isa = XCConfigurationList;
			buildConfigurations = (
				1FA37F772D350A1C001A94D6 /* Debug */,
				1FA37F782D350A1C001A94D6 /* Release */,
			);
			defaultConfigurationIsVisible = 0;
			defaultConfigurationName = Release;
		};
		1FA37F792D350A1C001A94D6 /* Build configuration list for PBXNativeTarget "nepal infoTests" */ = {
			isa = XCConfigurationList;
			buildConfigurations = (
				1FA37F7A2D350A1C001A94D6 /* Debug */,
				1FA37F7B2D350A1C001A94D6 /* Release */,
			);
			defaultConfigurationIsVisible = 0;
			defaultConfigurationName = Release;
		};
		1FA37F7C2D350A1C001A94D6 /* Build configuration list for PBXNativeTarget "nepal infoUITests" */ = {
			isa = XCConfigurationList;
			buildConfigurations = (
				1FA37F7D2D350A1C001A94D6 /* Debug */,
				1FA37F7E2D350A1C001A94D6 /* Release */,
			);
			defaultConfigurationIsVisible = 0;
			defaultConfigurationName = Release;
		};
/* End XCConfigurationList section */
	};
	rootObject = 1FA37F482D350A1B001A94D6 /* Project object */;
}
